
Microsoft Visual Studio Solution File, Format Version 12.00
# Visual Studio 15
VisualStudioVersion = 15.0.28307.168
MinimumVisualStudioVersion = 10.0.40219.1
Project("{FAE04EC0-301F-11D3-BF4B-00C04F79EFBC}") = "CluedInAssignment", "CluedInAssignment\CluedInAssignment.csproj", "{FD26CC35-836E-4A5E-81F0-9ACEC349346A}"
EndProject
Global
	GlobalSection(SolutionConfigurationPlatforms) = preSolution
		Debug|Any CPU = Debug|Any CPU
		Release|Any CPU = Release|Any CPU
	EndGlobalSection
	GlobalSection(ProjectConfigurationPlatforms) = postSolution
		{FD26CC35-836E-4A5E-81F0-9ACEC349346A}.Debug|Any CPU.ActiveCfg = Debug|Any CPU
		{FD26CC35-836E-4A5E-81F0-9ACEC349346A}.Debug|Any CPU.Build.0 = Debug|Any CPU
		{FD26CC35-836E-4A5E-81F0-9ACEC349346A}.Release|Any CPU.ActiveCfg = Release|Any CPU
		{FD26CC35-836E-4A5E-81F0-9ACEC349346A}.Release|Any CPU.Build.0 = Release|Any CPU
	EndGlobalSection
	GlobalSection(SolutionProperties) = preSolution
		HideSolutionNode = FALSE
	EndGlobalSection
	GlobalSection(ExtensibilityGlobals) = postSolution
		SolutionGuid = {834E779C-96F2-4AA1-B704-3AEB0D429E19}
	EndGlobalSection
EndGlobal
